{
  "name": "web",
  "lockfileVersion": 3,
  "requires": true,
  "packages": {
    "": {
      "dependencies": {
        "konva": "^9.3.18"
      }
    },
    "node_modules/konva": {
      "version": "9.3.18",
      "resolved": "https://registry.npmjs.org/konva/-/konva-9.3.18.tgz",
      "integrity": "sha512-ad5h0Y9phUrinBrKXyIISbURRHQO7Rx5cz7mAEEfdVCs45gDqRD8Y0I0nJRk8S6iqEbiRE87CEZu5GVSnU8oow==",
      "funding": [
        {
          "type": "patreon",
          "url": "https://www.patreon.com/lavrton"
        },
        {
          "type": "opencollective",
          "url": "https://opencollective.com/konva"
        },
        {
          "type": "github",
          "url": "https://github.com/sponsors/lavrton"
        }
      ]
    }
  }
}
